Microsoft Visual Studio Solution File, Format Version 12.00
# Visual Studio 2013
VisualStudioVersion = 12.0.21005.1
MinimumVisualStudioVersion = 10.0.40219.1
Project("{8BC9CEB8-8B4A-11D0-8D11-00A0C91BC942}") = "fmi_pc_app", "fmi_pc_app.vcxproj", "{D3014D98-B962-41BA-943F-38DEA898C173}"
EndProject
Global
	GlobalSection(SolutionConfigurationPlatforms) = preSolution
		Debug|Win32 = Debug|Win32
		Debug-A602|Win32 = Debug-A602|Win32
		Debug-A603|Win32 = Debug-A603|Win32
		Debug-A604|Win32 = Debug-A604|Win32
		Debug-A605|Win32 = Debug-A605|Win32
		Debug-A607|Win32 = Debug-A607|Win32
		Debug-A608|Win32 = Debug-A608|Win32
		Debug-A609|Win32 = Debug-A609|Win32
		Debug-A610|Win32 = Debug-A610|Win32
		Debug-A611|Win32 = Debug-A611|Win32
		Debug-A612|Win32 = Debug-A612|Win32
		Debug-A613|Win32 = Debug-A613|Win32
		Debug-A614|Win32 = Debug-A614|Win32
		Debug-A615|Win32 = Debug-A615|Win32
		Debug-A616|Win32 = Debug-A616|Win32
		Debug-A617|Win32 = Debug-A617|Win32
		Debug-A618|Win32 = Debug-A618|Win32
		Debug-A619|Win32 = Debug-A619|Win32
		Debug-Legacy|Win32 = Debug-Legacy|Win32
		Release|Win32 = Release|Win32
		Release-A602|Win32 = Release-A602|Win32
		Release-A603|Win32 = Release-A603|Win32
		Release-A604|Win32 = Release-A604|Win32
		Release-A605|Win32 = Release-A605|Win32
		Release-A607|Win32 = Release-A607|Win32
		Release-A608|Win32 = Release-A608|Win32
		Release-A609|Win32 = Release-A609|Win32
		Release-A610|Win32 = Release-A610|Win32
		Release-A611|Win32 = Release-A611|Win32
		Release-A612|Win32 = Release-A612|Win32
		Release-A613|Win32 = Release-A613|Win32
		Release-A614|Win32 = Release-A614|Win32
		Release-A615|Win32 = Release-A615|Win32
		Release-A616|Win32 = Release-A616|Win32
		Release-A617|Win32 = Release-A617|Win32
		Release-A618|Win32 = Release-A618|Win32
		Release-A619|Win32 = Release-A619|Win32
		Release-Legacy|Win32 = Release-Legacy|Win32
	EndGlobalSection
	GlobalSection(ProjectConfigurationPlatforms) = postSolution
		{D3014D98-B962-41BA-943F-38DEA898C173}.Debug|Win32.ActiveCfg = Debug|Win32
		{D3014D98-B962-41BA-943F-38DEA898C173}.Debug|Win32.Build.0 = Debug|Win32
		{D3014D98-B962-41BA-943F-38DEA898C173}.Debug-A602|Win32.ActiveCfg = Debug-A602|Win32
		{D3014D98-B962-41BA-943F-38DEA898C173}.Debug-A602|Win32.Build.0 = Debug-A602|Win32
		{D3014D98-B962-41BA-943F-38DEA898C173}.Debug-A603|Win32.ActiveCfg = Debug-A603|Win32
		{D3014D98-B962-41BA-943F-38DEA898C173}.Debug-A603|Win32.Build.0 = Debug-A603|Win32
		{D3014D98-B962-41BA-943F-38DEA898C173}.Debug-A604|Win32.ActiveCfg = Debug-A604|Win32
		{D3014D98-B962-41BA-943F-38DEA898C173}.Debug-A604|Win32.Build.0 = Debug-A604|Win32
		{D3014D98-B962-41BA-943F-38DEA898C173}.Debug-A605|Win32.ActiveCfg = Debug-A605|Win32
		{D3014D98-B962-41BA-943F-38DEA898C173}.Debug-A605|Win32.Build.0 = Debug-A605|Win32
		{D3014D98-B962-41BA-943F-38DEA898C173}.Debug-A607|Win32.ActiveCfg = Debug-A607|Win32
		{D3014D98-B962-41BA-943F-38DEA898C173}.Debug-A607|Win32.Build.0 = Debug-A607|Win32
		{D3014D98-B962-41BA-943F-38DEA898C173}.Debug-A608|Win32.ActiveCfg = Debug-A608|Win32
		{D3014D98-B962-41BA-943F-38DEA898C173}.Debug-A608|Win32.Build.0 = Debug-A608|Win32
		{D3014D98-B962-41BA-943F-38DEA898C173}.Debug-A609|Win32.ActiveCfg = Debug-A609|Win32
		{D3014D98-B962-41BA-943F-38DEA898C173}.Debug-A609|Win32.Build.0 = Debug-A609|Win32
		{D3014D98-B962-41BA-943F-38DEA898C173}.Debug-A610|Win32.ActiveCfg = Debug-A610|Win32
		{D3014D98-B962-41BA-943F-38DEA898C173}.Debug-A610|Win32.Build.0 = Debug-A610|Win32
		{D3014D98-B962-41BA-943F-38DEA898C173}.Debug-A611|Win32.ActiveCfg = Debug-A611|Win32
		{D3014D98-B962-41BA-943F-38DEA898C173}.Debug-A611|Win32.Build.0 = Debug-A611|Win32
		{D3014D98-B962-41BA-943F-38DEA898C173}.Debug-A612|Win32.ActiveCfg = Debug-A612|Win32
		{D3014D98-B962-41BA-943F-38DEA898C173}.Debug-A612|Win32.Build.0 = Debug-A612|Win32
		{D3014D98-B962-41BA-943F-38DEA898C173}.Debug-A613|Win32.ActiveCfg = Debug-A613|Win32
		{D3014D98-B962-41BA-943F-38DEA898C173}.Debug-A613|Win32.Build.0 = Debug-A613|Win32
		{D3014D98-B962-41BA-943F-38DEA898C173}.Debug-A614|Win32.ActiveCfg = Debug-A614|Win32
		{D3014D98-B962-41BA-943F-38DEA898C173}.Debug-A614|Win32.Build.0 = Debug-A614|Win32
		{D3014D98-B962-41BA-943F-38DEA898C173}.Debug-A615|Win32.ActiveCfg = Debug-A615|Win32
		{D3014D98-B962-41BA-943F-38DEA898C173}.Debug-A615|Win32.Build.0 = Debug-A615|Win32
		{D3014D98-B962-41BA-943F-38DEA898C173}.Debug-A616|Win32.ActiveCfg = Debug-A616|Win32
		{D3014D98-B962-41BA-943F-38DEA898C173}.Debug-A616|Win32.Build.0 = Debug-A616|Win32
		{D3014D98-B962-41BA-943F-38DEA898C173}.Debug-A617|Win32.ActiveCfg = Debug-A617|Win32
		{D3014D98-B962-41BA-943F-38DEA898C173}.Debug-A617|Win32.Build.0 = Debug-A617|Win32
		{D3014D98-B962-41BA-943F-38DEA898C173}.Debug-A618|Win32.ActiveCfg = Debug-A618|Win32
		{D3014D98-B962-41BA-943F-38DEA898C173}.Debug-A618|Win32.Build.0 = Debug-A618|Win32
		{D3014D98-B962-41BA-943F-38DEA898C173}.Debug-A619|Win32.ActiveCfg = Debug-A619|Win32
		{D3014D98-B962-41BA-943F-38DEA898C173}.Debug-A619|Win32.Build.0 = Debug-A619|Win32
		{D3014D98-B962-41BA-943F-38DEA898C173}.Debug-Legacy|Win32.ActiveCfg = Debug-Legacy|Win32
		{D3014D98-B962-41BA-943F-38DEA898C173}.Debug-Legacy|Win32.Build.0 = Debug-Legacy|Win32
		{D3014D98-B962-41BA-943F-38DEA898C173}.Release|Win32.ActiveCfg = Release|Win32
		{D3014D98-B962-41BA-943F-38DEA898C173}.Release|Win32.Build.0 = Release|Win32
		{D3014D98-B962-41BA-943F-38DEA898C173}.Release-A602|Win32.ActiveCfg = Release-A602|Win32
		{D3014D98-B962-41BA-943F-38DEA898C173}.Release-A602|Win32.Build.0 = Release-A602|Win32
		{D3014D98-B962-41BA-943F-38DEA898C173}.Release-A603|Win32.ActiveCfg = Release-A603|Win32
		{D3014D98-B962-41BA-943F-38DEA898C173}.Release-A603|Win32.Build.0 = Release-A603|Win32
		{D3014D98-B962-41BA-943F-38DEA898C173}.Release-A604|Win32.ActiveCfg = Release-A604|Win32
		{D3014D98-B962-41BA-943F-38DEA898C173}.Release-A604|Win32.Build.0 = Release-A604|Win32
		{D3014D98-B962-41BA-943F-38DEA898C173}.Release-A605|Win32.ActiveCfg = Release-A605|Win32
		{D3014D98-B962-41BA-943F-38DEA898C173}.Release-A605|Win32.Build.0 = Release-A605|Win32
		{D3014D98-B962-41BA-943F-38DEA898C173}.Release-A607|Win32.ActiveCfg = Release-A607|Win32
		{D3014D98-B962-41BA-943F-38DEA898C173}.Release-A607|Win32.Build.0 = Release-A607|Win32
		{D3014D98-B962-41BA-943F-38DEA898C173}.Release-A608|Win32.ActiveCfg = Release-A608|Win32
		{D3014D98-B962-41BA-943F-38DEA898C173}.Release-A608|Win32.Build.0 = Release-A608|Win32
		{D3014D98-B962-41BA-943F-38DEA898C173}.Release-A609|Win32.ActiveCfg = Release-A609|Win32
		{D3014D98-B962-41BA-943F-38DEA898C173}.Release-A609|Win32.Build.0 = Release-A609|Win32
		{D3014D98-B962-41BA-943F-38DEA898C173}.Release-A610|Win32.ActiveCfg = Release-A610|Win32
		{D3014D98-B962-41BA-943F-38DEA898C173}.Release-A610|Win32.Build.0 = Release-A610|Win32
		{D3014D98-B962-41BA-943F-38DEA898C173}.Release-A611|Win32.ActiveCfg = Release-A611|Win32
		{D3014D98-B962-41BA-943F-38DEA898C173}.Release-A611|Win32.Build.0 = Release-A611|Win32
		{D3014D98-B962-41BA-943F-38DEA898C173}.Release-A612|Win32.ActiveCfg = Release-A612|Win32
		{D3014D98-B962-41BA-943F-38DEA898C173}.Release-A612|Win32.Build.0 = Release-A612|Win32
		{D3014D98-B962-41BA-943F-38DEA898C173}.Release-A613|Win32.ActiveCfg = Release-A613|Win32
		{D3014D98-B962-41BA-943F-38DEA898C173}.Release-A613|Win32.Build.0 = Release-A613|Win32
		{D3014D98-B962-41BA-943F-38DEA898C173}.Release-A614|Win32.ActiveCfg = Release-A614|Win32
		{D3014D98-B962-41BA-943F-38DEA898C173}.Release-A614|Win32.Build.0 = Release-A614|Win32
		{D3014D98-B962-41BA-943F-38DEA898C173}.Release-A615|Win32.ActiveCfg = Release-A615|Win32
		{D3014D98-B962-41BA-943F-38DEA898C173}.Release-A615|Win32.Build.0 = Release-A615|Win32
		{D3014D98-B962-41BA-943F-38DEA898C173}.Release-A616|Win32.ActiveCfg = Release-A616|Win32
		{D3014D98-B962-41BA-943F-38DEA898C173}.Release-A616|Win32.Build.0 = Release-A616|Win32
		{D3014D98-B962-41BA-943F-38DEA898C173}.Release-A617|Win32.ActiveCfg = Release-A617|Win32
		{D3014D98-B962-41BA-943F-38DEA898C173}.Release-A617|Win32.Build.0 = Release-A617|Win32
		{D3014D98-B962-41BA-943F-38DEA898C173}.Release-A618|Win32.ActiveCfg = Release-A618|Win32
		{D3014D98-B962-41BA-943F-38DEA898C173}.Release-A618|Win32.Build.0 = Release-A618|Win32
		{D3014D98-B962-41BA-943F-38DEA898C173}.Release-A619|Win32.ActiveCfg = Release-A619|Win32
		{D3014D98-B962-41BA-943F-38DEA898C173}.Release-A619|Win32.Build.0 = Release-A619|Win32
		{D3014D98-B962-41BA-943F-38DEA898C173}.Release-Legacy|Win32.ActiveCfg = Release-Legacy|Win32
		{D3014D98-B962-41BA-943F-38DEA898C173}.Release-Legacy|Win32.Build.0 = Release-Legacy|Win32
	EndGlobalSection
	GlobalSection(SolutionProperties) = preSolution
		HideSolutionNode = FALSE
	EndGlobalSection
EndGlobal
